{
  "version": 4,
  "terraform_version": "1.2.4",
  "serial": 27,
  "lineage": "827a5da7-9438-bd74-884f-83ccc2e293f0",
  "outputs": {},
  "resources": [
    {
      "mode": "managed",
      "type": "azurerm_lb",
      "name": "Team2",
      "provider": "provider[\"registry.terraform.io/hashicorp/azurerm\"]",
      "instances": [
        {
          "schema_version": 0,
          "attributes": {
            "frontend_ip_configuration": [
              {
                "availability_zone": "No-Zone",
                "gateway_load_balancer_frontend_ip_configuration_id": "",
                "id": "/subscriptions/346e5afd-ff46-4a41-b3aa-460ca9519524/resourceGroups/Team2ResourceGroup/providers/Microsoft.Network/loadBalancers/Team2-lb/frontendIPConfigurations/PublicIPAddress",
                "inbound_nat_rules": [],
                "load_balancer_rules": [
                  "/subscriptions/346e5afd-ff46-4a41-b3aa-460ca9519524/resourceGroups/Team2ResourceGroup/providers/Microsoft.Network/loadBalancers/Team2-lb/loadBalancingRules/http"
                ],
                "name": "PublicIPAddress",
                "outbound_rules": [],
                "private_ip_address": "",
                "private_ip_address_allocation": "Dynamic",
                "private_ip_address_version": "",
                "public_ip_address_id": "/subscriptions/346e5afd-ff46-4a41-b3aa-460ca9519524/resourceGroups/Team2ResourceGroup/providers/Microsoft.Network/publicIPAddresses/Team2-public-ip",
                "public_ip_prefix_id": "",
                "subnet_id": "",
                "zones": []
              }
            ],
            "id": "/subscriptions/346e5afd-ff46-4a41-b3aa-460ca9519524/resourceGroups/Team2ResourceGroup/providers/Microsoft.Network/loadBalancers/Team2-lb",
            "location": "eastus",
            "name": "Team2-lb",
            "private_ip_address": "",
            "private_ip_addresses": [],
            "resource_group_name": "Team2ResourceGroup",
            "sku": "Basic",
            "sku_tier": "Regional",
            "tags": {
              "environment": "Test"
            },
            "timeouts": null
          },
          "sensitive_attributes": [],
          "private": "eyJlMmJmYjczMC1lY2FhLTExZTYtOGY4OC0zNDM2M2JjN2M0YzAiOnsiY3JlYXRlIjoxODAwMDAwMDAwMDAwLCJkZWxldGUiOjE4MDAwMDAwMDAwMDAsInJlYWQiOjMwMDAwMDAwMDAwMCwidXBkYXRlIjoxODAwMDAwMDAwMDAwfX0=",
          "dependencies": [
            "azurerm_public_ip.Team2",
            "azurerm_resource_group.Team2",
            "random_string.fqdn"
          ]
        }
      ]
    },
    {
      "mode": "managed",
      "type": "azurerm_lb_probe",
      "name": "Team2",
      "provider": "provider[\"registry.terraform.io/hashicorp/azurerm\"]",
      "instances": [
        {
          "schema_version": 0,
          "attributes": {
            "id": "/subscriptions/346e5afd-ff46-4a41-b3aa-460ca9519524/resourceGroups/Team2ResourceGroup/providers/Microsoft.Network/loadBalancers/Team2-lb/probes/ssh-running-probe",
            "interval_in_seconds": 15,
            "load_balancer_rules": [
              "/subscriptions/346e5afd-ff46-4a41-b3aa-460ca9519524/resourceGroups/Team2ResourceGroup/providers/Microsoft.Network/loadBalancers/Team2-lb/loadBalancingRules/http"
            ],
            "loadbalancer_id": "/subscriptions/346e5afd-ff46-4a41-b3aa-460ca9519524/resourceGroups/Team2ResourceGroup/providers/Microsoft.Network/loadBalancers/Team2-lb",
            "name": "ssh-running-probe",
            "number_of_probes": 2,
            "port": 80,
            "protocol": "Tcp",
            "request_path": "",
            "resource_group_name": "Team2ResourceGroup",
            "timeouts": null
          },
          "sensitive_attributes": [],
          "private": "eyJlMmJmYjczMC1lY2FhLTExZTYtOGY4OC0zNDM2M2JjN2M0YzAiOnsiY3JlYXRlIjoxODAwMDAwMDAwMDAwLCJkZWxldGUiOjE4MDAwMDAwMDAwMDAsInJlYWQiOjMwMDAwMDAwMDAwMCwidXBkYXRlIjoxODAwMDAwMDAwMDAwfX0=",
          "dependencies": [
            "azurerm_lb.Team2",
            "azurerm_public_ip.Team2",
            "azurerm_resource_group.Team2",
            "random_string.fqdn"
          ]
        }
      ]
    },
    {
      "mode": "managed",
      "type": "azurerm_public_ip",
      "name": "Team2",
      "provider": "provider[\"registry.terraform.io/hashicorp/azurerm\"]",
      "instances": [
        {
          "schema_version": 0,
          "attributes": {
            "allocation_method": "Static",
            "availability_zone": "No-Zone",
            "domain_name_label": "vpbezr",
            "fqdn": "vpbezr.eastus.cloudapp.azure.com",
            "id": "/subscriptions/346e5afd-ff46-4a41-b3aa-460ca9519524/resourceGroups/Team2ResourceGroup/providers/Microsoft.Network/publicIPAddresses/Team2-public-ip",
            "idle_timeout_in_minutes": 4,
            "ip_address": "20.232.135.225",
            "ip_tags": {},
            "ip_version": "IPv4",
            "location": "eastus",
            "name": "Team2-public-ip",
            "public_ip_prefix_id": null,
            "resource_group_name": "Team2ResourceGroup",
            "reverse_fqdn": "",
            "sku": "Basic",
            "sku_tier": "Regional",
            "tags": {
              "environment": "Test"
            },
            "timeouts": null,
            "zones": []
          },
          "sensitive_attributes": [],
          "private": "eyJlMmJmYjczMC1lY2FhLTExZTYtOGY4OC0zNDM2M2JjN2M0YzAiOnsiY3JlYXRlIjoxODAwMDAwMDAwMDAwLCJkZWxldGUiOjE4MDAwMDAwMDAwMDAsInJlYWQiOjMwMDAwMDAwMDAwMCwidXBkYXRlIjoxODAwMDAwMDAwMDAwfX0=",
          "dependencies": [
            "azurerm_resource_group.Team2",
            "random_string.fqdn"
          ]
        }
      ]
    },
    {
      "mode": "managed",
      "type": "azurerm_resource_group",
      "name": "Team2",
      "provider": "provider[\"registry.terraform.io/hashicorp/azurerm\"]",
      "instances": [
        {
          "schema_version": 0,
          "attributes": {
            "id": "/subscriptions/346e5afd-ff46-4a41-b3aa-460ca9519524/resourceGroups/Team2ResourceGroup",
            "location": "eastus",
            "name": "Team2ResourceGroup",
            "tags": {
              "environment": "Test"
            },
            "timeouts": null
          },
          "sensitive_attributes": [],
          "private": "eyJlMmJmYjczMC1lY2FhLTExZTYtOGY4OC0zNDM2M2JjN2M0YzAiOnsiY3JlYXRlIjo1NDAwMDAwMDAwMDAwLCJkZWxldGUiOjU0MDAwMDAwMDAwMDAsInJlYWQiOjMwMDAwMDAwMDAwMCwidXBkYXRlIjo1NDAwMDAwMDAwMDAwfX0="
        }
      ]
    },
    {
      "mode": "managed",
      "type": "random_string",
      "name": "fqdn",
      "provider": "provider[\"registry.terraform.io/hashicorp/random\"]",
      "instances": [
        {
          "schema_version": 1,
          "attributes": {
            "id": "vpbezr",
            "keepers": null,
            "length": 6,
            "lower": true,
            "min_lower": 0,
            "min_numeric": 0,
            "min_special": 0,
            "min_upper": 0,
            "number": false,
            "override_special": null,
            "result": "vpbezr",
            "special": false,
            "upper": false
          },
          "sensitive_attributes": [],
          "private": "eyJzY2hlbWFfdmVyc2lvbiI6IjEifQ=="
        }
      ]
    }
  ]
}
